
Microsoft Visual Studio Solution File, Format Version 12.00
# Visual Studio Version 17
VisualStudioVersion = 17.11.35005.142
MinimumVisualStudioVersion = 10.0.40219.1
Project("{FAE04EC0-301F-11D3-BF4B-00C04F79EFBC}") = "DelegateAssignmentDemo", "DelegateAssignmentDemo\DelegateAssignmentDemo.csproj", "{446A6D05-3A1E-45F7-9E4A-3B418BD04B21}"
EndProject
Global
	GlobalSection(SolutionConfigurationPlatforms) = preSolution
		Debug|Any CPU = Debug|Any CPU
		Release|Any CPU = Release|Any CPU
	EndGlobalSection
	GlobalSection(ProjectConfigurationPlatforms) = postSolution
		{446A6D05-3A1E-45F7-9E4A-3B418BD04B21}.Debug|Any CPU.ActiveCfg = Debug|Any CPU
		{446A6D05-3A1E-45F7-9E4A-3B418BD04B21}.Debug|Any CPU.Build.0 = Debug|Any CPU
		{446A6D05-3A1E-45F7-9E4A-3B418BD04B21}.Release|Any CPU.ActiveCfg = Release|Any CPU
		{446A6D05-3A1E-45F7-9E4A-3B418BD04B21}.Release|Any CPU.Build.0 = Release|Any CPU
	EndGlobalSection
	GlobalSection(SolutionProperties) = preSolution
		HideSolutionNode = FALSE
	EndGlobalSection
	GlobalSection(ExtensibilityGlobals) = postSolution
		SolutionGuid = {C09E2254-B28F-481D-9521-120B2A27CA58}
	EndGlobalSection
EndGlobal
